PODS:
  - Bolts/Tasks (1.9.0)
  - Parse (1.17.2):
    - Parse/Core (= 1.17.2)
  - Parse/Core (1.17.2):
    - Bolts/Tasks (~> 1.9)

DEPENDENCIES:
  - Parse

SPEC REPOS:
  https://github.com/cocoapods/specs.git:
    - Bolts
    - Parse

SPEC CHECKSUMS:
  Bolts: ac6567323eac61e203f6a9763667d0f711be34c8
  Parse: 3b31a3dd1777b07ee7f0caee32fafbff544483a5

PODFILE CHECKSUM: 8e72b5f7731550156f44fa394c1c81f1bcd074d7

COCOAPODS: 1.5.3
